// !$*UTF8*$!
{
	archiveVersion = 1;
	classes = {
	};
	objectVersion = 48;
	objects = {

/* Begin PBXBuildFile section */
		6969F7B54D2787FE39707FF8 /* Pods_To_Do.framework in Frameworks */ = {isa = PBXBuildFile; fileRef = 49E189EEFA9E564567DCDD1A /* Pods_To_Do.framework */; };
		A02EA5152054D141004C912F /* AppDelegate.swift in Sources */ = {isa = PBXBuildFile; fileRef = A02EA5142054D141004C912F /* AppDelegate.swift */; };
		A02EA51A2054D141004C912F /* Main.storyboard in Resources */ = {isa = PBXBuildFile; fileRef = A02EA5182054D141004C912F /* Main.storyboard */; };
		A02EA51F2054D141004C912F /* LaunchScreen.storyboard in Resources */ = {isa = PBXBuildFile; fileRef = A02EA51D2054D141004C912F /* LaunchScreen.storyboard */; };
		A02EA5272054D221004C912F /* GoogleService-Info.plist in Resources */ = {isa = PBXBuildFile; fileRef = A02EA5262054D221004C912F /* GoogleService-Info.plist */; };
		A0C316972054D6E900CF40BB /* ToDoTableViewController.swift in Sources */ = {isa = PBXBuildFile; fileRef = A0C316962054D6E900CF40BB /* ToDoTableViewController.swift */; };
		A0C316992054D70100CF40BB /* AddViewController.swift in Sources */ = {isa = PBXBuildFile; fileRef = A0C316982054D70100CF40BB /* AddViewController.swift */; };
		A0C3169B2054DA7500CF40BB /* ToDoList.swift in Sources */ = {isa = PBXBuildFile; fileRef = A0C3169A2054DA7500CF40BB /* ToDoList.swift */; };
		A0C3169D2054E7C100CF40BB /* WebViewController.swift in Sources */ = {isa = PBXBuildFile; fileRef = A0C3169C2054E7C100CF40BB /* WebViewController.swift */; };
		A0C3169F2054ED6600CF40BB /* LoginViewController.swift in Sources */ = {isa = PBXBuildFile; fileRef = A0C3169E2054ED6600CF40BB /* LoginViewController.swift */; };
		A0C316A12054F65800CF40BB /* Assets.xcassets in Resources */ = {isa = PBXBuildFile; fileRef = A0C316A02054F65800CF40BB /* Assets.xcassets */; };
/* End PBXBuildFile section */

/* Begin PBXFileReference section */
		49E189EEFA9E564567DCDD1A /* Pods_To_Do.framework */ = {isa = PBXFileReference; explicitFileType = wrapper.framework; includeInIndex = 0; path = Pods_To_Do.framework; sourceTree = BUILT_PRODUCTS_DIR; };
		A02EA5112054D141004C912F /* To-Do.app */ = {isa = PBXFileReference; explicitFileType = wrapper.application; includeInIndex = 0; path = "To-Do.app"; sourceTree = BUILT_PRODUCTS_DIR; };
		A02EA5142054D141004C912F /* AppDelegate.swift */ = {isa = PBXFileReference; lastKnownFileType = sourcecode.swift; path = AppDelegate.swift; sourceTree = "<group>"; };
		A02EA5192054D141004C912F /* Base */ = {isa = PBXFileReference; lastKnownFileType = file.storyboard; name = Base; path = Base.lproj/Main.storyboard; sourceTree = "<group>"; };
		A02EA51E2054D141004C912F /* Base */ = {isa = PBXFileReference; lastKnownFileType = file.storyboard; name = Base; path = Base.lproj/LaunchScreen.storyboard; sourceTree = "<group>"; };
		A02EA5202054D141004C912F /* Info.plist */ = {isa = PBXFileReference; lastKnownFileType = text.plist.xml; path = Info.plist; sourceTree = "<group>"; };
		A02EA5262054D221004C912F /* GoogleService-Info.plist */ = {isa = PBXFileReference; fileEncoding = 4; lastKnownFileType = text.plist.xml; path = "GoogleService-Info.plist"; sourceTree = "<group>"; };
		A0C316962054D6E900CF40BB /* ToDoTableViewController.swift */ = {isa = PBXFileReference; lastKnownFileType = sourcecode.swift; path = ToDoTableViewController.swift; sourceTree = "<group>"; };
		A0C316982054D70100CF40BB /* AddViewController.swift */ = {isa = PBXFileReference; lastKnownFileType = sourcecode.swift; path = AddViewController.swift; sourceTree = "<group>"; };
		A0C3169A2054DA7500CF40BB /* ToDoList.swift */ = {isa = PBXFileReference; lastKnownFileType = sourcecode.swift; path = ToDoList.swift; sourceTree = "<group>"; };
		A0C3169C2054E7C100CF40BB /* WebViewController.swift */ = {isa = PBXFileReference; lastKnownFileType = sourcecode.swift; path = WebViewController.swift; sourceTree = "<group>"; };
		A0C3169E2054ED6600CF40BB /* LoginViewController.swift */ = {isa = PBXFileReference; lastKnownFileType = sourcecode.swift; path = LoginViewController.swift; sourceTree = "<group>"; };
		A0C316A02054F65800CF40BB /* Assets.xcassets */ = {isa = PBXFileReference; lastKnownFileType = folder.assetcatalog; path = Assets.xcassets; sourceTree = "<group>"; };
		BF2752AEF889D5A6434C5E5C /* Pods-To-Do.debug.xcconfig */ = {isa = PBXFileReference; includeInIndex = 1; lastKnownFileType = text.xcconfig; name = "Pods-To-Do.debug.xcconfig"; path = "Pods/Target Support Files/Pods-To-Do/Pods-To-Do.debug.xcconfig"; sourceTree = "<group>"; };
		C03510292F728DB51D37BBCB /* Pods-To-Do.release.xcconfig */ = {isa = PBXFileReference; includeInIndex = 1; lastKnownFileType = text.xcconfig; name = "Pods-To-Do.release.xcconfig"; path = "Pods/Target Support Files/Pods-To-Do/Pods-To-Do.release.xcconfig"; sourceTree = "<group>"; };
/* End PBXFileReference section */

/* Begin PBXFrameworksBuildPhase section */
		A02EA50E2054D141004C912F /* Frameworks */ = {
			isa = PBXFrameworksBuildPhase;
			buildActionMask = 2147483647;
			files = (
				6969F7B54D2787FE39707FF8 /* Pods_To_Do.framework in Frameworks */,
			);
			runOnlyForDeploymentPostprocessing = 0;
		};
/* End PBXFrameworksBuildPhase section */

/* Begin PBXGroup section */
		3B9EFBFDDEEABE126BCD3E87 /* Frameworks */ = {
			isa = PBXGroup;
			children = (
				49E189EEFA9E564567DCDD1A /* Pods_To_Do.framework */,
			);
			name = Frameworks;
			sourceTree = "<group>";
		};
		A02EA5082054D141004C912F = {
			isa = PBXGroup;
			children = (
				A02EA5132054D141004C912F /* To-Do */,
				A02EA5122054D141004C912F /* Products */,
				A441CA69A272B3D650D10EB9 /* Pods */,
				3B9EFBFDDEEABE126BCD3E87 /* Frameworks */,
			);
			sourceTree = "<group>";
		};
		A02EA5122054D141004C912F /* Products */ = {
			isa = PBXGroup;
			children = (
				A02EA5112054D141004C912F /* To-Do.app */,
			);
			name = Products;
			sourceTree = "<group>";
		};
		A02EA5132054D141004C912F /* To-Do */ = {
			isa = PBXGroup;
			children = (
				A02EA5142054D141004C912F /* AppDelegate.swift */,
				A0C3169E2054ED6600CF40BB /* LoginViewController.swift */,
				A0C316982054D70100CF40BB /* AddViewController.swift */,
				A0C316962054D6E900CF40BB /* ToDoTableViewController.swift */,
				A02EA5262054D221004C912F /* GoogleService-Info.plist */,
				A02EA5182054D141004C912F /* Main.storyboard */,
				A0C3169C2054E7C100CF40BB /* WebViewController.swift */,
				A0C3169A2054DA7500CF40BB /* ToDoList.swift */,
				A0C316A02054F65800CF40BB /* Assets.xcassets */,
				A02EA51D2054D141004C912F /* LaunchScreen.storyboard */,
				A02EA5202054D141004C912F /* Info.plist */,
			);
			path = "To-Do";
			sourceTree = "<group>";
		};
		A441CA69A272B3D650D10EB9 /* Pods */ = {
			isa = PBXGroup;
			children = (
				BF2752AEF889D5A6434C5E5C /* Pods-To-Do.debug.xcconfig */,
				C03510292F728DB51D37BBCB /* Pods-To-Do.release.xcconfig */,
			);
			name = Pods;
			sourceTree = "<group>";
		};
/* End PBXGroup section */

/* Begin PBXNativeTarget section */
		A02EA5102054D141004C912F /* To-Do */ = {
			isa = PBXNativeTarget;
			buildConfigurationList = A02EA5232054D141004C912F /* Build configuration list for PBXNativeTarget "To-Do" */;
			buildPhases = (
				9E36E31E634EA0D6D90B87FC /* [CP] Check Pods Manifest.lock */,
				A02EA50D2054D141004C912F /* Sources */,
				A02EA50E2054D141004C912F /* Frameworks */,
				A02EA50F2054D141004C912F /* Resources */,
				603CF8BE59AC2C5FCA911C01 /* [CP] Embed Pods Frameworks */,
				AB85463E38C282656B77E0FD /* [CP] Copy Pods Resources */,
			);
			buildRules = (
			);
			dependencies = (
			);
			name = "To-Do";
			productName = "To-Do";
			productReference = A02EA5112054D141004C912F /* To-Do.app */;
			productType = "com.apple.product-type.application";
		};
/* End PBXNativeTarget section */

/* Begin PBXProject section */
		A02EA5092054D141004C912F /* Project object */ = {
			isa = PBXProject;
			attributes = {
				LastSwiftUpdateCheck = 0920;
				LastUpgradeCheck = 0920;
				ORGANIZATIONNAME = "Keke Wu";
				TargetAttributes = {
					A02EA5102054D141004C912F = {
						CreatedOnToolsVersion = 9.2;
						ProvisioningStyle = Automatic;
					};
				};
			};
			buildConfigurationList = A02EA50C2054D141004C912F /* Build configuration list for PBXProject "To-Do" */;
			compatibilityVersion = "Xcode 8.0";
			developmentRegion = en;
			hasScannedForEncodings = 0;
			knownRegions = (
				en,
				Base,
			);
			mainGroup = A02EA5082054D141004C912F;
			productRefGroup = A02EA5122054D141004C912F /* Products */;
			projectDirPath = "";
			projectRoot = "";
			targets = (
				A02EA5102054D141004C912F /* To-Do */,
			);
		};
/* End PBXProject section */

/* Begin PBXResourcesBuildPhase section */
		A02EA50F2054D141004C912F /* Resources */ = {
			isa = PBXResourcesBuildPhase;
			buildActionMask = 2147483647;
			files = (
				A02EA51F2054D141004C912F /* LaunchScreen.storyboard in Resources */,
				A02EA5272054D221004C912F /* GoogleService-Info.plist in Resources */,
				A0C316A12054F65800CF40BB /* Assets.xcassets in Resources */,
				A02EA51A2054D141004C912F /* Main.storyboard in Resources */,
			);
			runOnlyForDeploymentPostprocessing = 0;
		};
/* End PBXResourcesBuildPhase section */

/* Begin PBXShellScriptBuildPhase section */
		603CF8BE59AC2C5FCA911C01 /* [CP] Embed Pods Frameworks */ = {
			isa = PBXShellScriptBuildPhase;
			buildActionMask = 2147483647;
			files = (
			);
			inputPaths = (
				"${SRCROOT}/Pods/Target Support Files/Pods-To-Do/Pods-To-Do-frameworks.sh",
				"${BUILT_PRODUCTS_DIR}/GTMOAuth2/GTMOAuth2.framework",
				"${BUILT_PRODUCTS_DIR}/GTMSessionFetcher/GTMSessionFetcher.framework",
				"${BUILT_PRODUCTS_DIR}/GoogleToolboxForMac/GoogleToolboxForMac.framework",
				"${BUILT_PRODUCTS_DIR}/leveldb-library/leveldb.framework",
				"${BUILT_PRODUCTS_DIR}/nanopb/nanopb.framework",
			);
			name = "[CP] Embed Pods Frameworks";
			outputPaths = (
				"${TARGET_BUILD_DIR}/${FRAMEWORKS_FOLDER_PATH}/GTMOAuth2.framework",
				"${TARGET_BUILD_DIR}/${FRAMEWORKS_FOLDER_PATH}/GTMSessionFetcher.framework",
				"${TARGET_BUILD_DIR}/${FRAMEWORKS_FOLDER_PATH}/GoogleToolboxForMac.framework",
				"${TARGET_BUILD_DIR}/${FRAMEWORKS_FOLDER_PATH}/leveldb.framework",
				"${TARGET_BUILD_DIR}/${FRAMEWORKS_FOLDER_PATH}/nanopb.framework",
			);
			runOnlyForDeploymentPostprocessing = 0;
			shellPath = /bin/sh;
			shellScript = "\"${SRCROOT}/Pods/Target Support Files/Pods-To-Do/Pods-To-Do-frameworks.sh\"\n";
			showEnvVarsInLog = 0;
		};
		9E36E31E634EA0D6D90B87FC /* [CP] Check Pods Manifest.lock */ = {
			isa = PBXShellScriptBuildPhase;
			buildActionMask = 2147483647;
			files = (
			);
			inputPaths = (
				"${PODS_PODFILE_DIR_PATH}/Podfile.lock",
				"${PODS_ROOT}/Manifest.lock",
			);
			name = "[CP] Check Pods Manifest.lock";
			outputPaths = (
				"$(DERIVED_FILE_DIR)/Pods-To-Do-checkManifestLockResult.txt",
			);
			runOnlyForDeploymentPostprocessing = 0;
			shellPath = /bin/sh;
			shellScript = "diff \"${PODS_PODFILE_DIR_PATH}/Podfile.lock\" \"${PODS_ROOT}/Manifest.lock\" > /dev/null\nif [ $? != 0 ] ; then\n    # print error to STDERR\n    echo \"error: The sandbox is not in sync with the Podfile.lock. Run 'pod install' or update your CocoaPods installation.\" >&2\n    exit 1\nfi\n# This output is used by Xcode 'outputs' to avoid re-running this script phase.\necho \"SUCCESS\" > \"${SCRIPT_OUTPUT_FILE_0}\"\n";
			showEnvVarsInLog = 0;
		};
		AB85463E38C282656B77E0FD /* [CP] Copy Pods Resources */ = {
			isa = PBXShellScriptBuildPhase;
			buildActionMask = 2147483647;
			files = (
			);
			inputPaths = (
				"${SRCROOT}/Pods/Target Support Files/Pods-To-Do/Pods-To-Do-resources.sh",
				"${PODS_ROOT}/GoogleSignIn/Resources/GoogleSignIn.bundle",
			);
			name = "[CP] Copy Pods Resources";
			outputPaths = (
				"${TARGET_BUILD_DIR}/${UNLOCALIZED_RESOURCES_FOLDER_PATH}/GoogleSignIn.bundle",
			);
			runOnlyForDeploymentPostprocessing = 0;
			shellPath = /bin/sh;
			shellScript = "\"${SRCROOT}/Pods/Target Support Files/Pods-To-Do/Pods-To-Do-resources.sh\"\n";
			showEnvVarsInLog = 0;
		};
/* End PBXShellScriptBuildPhase section */

/* Begin PBXSourcesBuildPhase section */
		A02EA50D2054D141004C912F /* Sources */ = {
			isa = PBXSourcesBuildPhase;
			buildActionMask = 2147483647;
			files = (
				A0C3169F2054ED6600CF40BB /* LoginViewController.swift in Sources */,
				A02EA5152054D141004C912F /* AppDelegate.swift in Sources */,
				A0C316972054D6E900CF40BB /* ToDoTableViewController.swift in Sources */,
				A0C316992054D70100CF40BB /* AddViewController.swift in Sources */,
				A0C3169D2054E7C100CF40BB /* WebViewController.swift in Sources */,
				A0C3169B2054DA7500CF40BB /* ToDoList.swift in Sources */,
			);
			runOnlyForDeploymentPostprocessing = 0;
		};
/* End PBXSourcesBuildPhase section */

/* Begin PBXVariantGroup section */
		A02EA5182054D141004C912F /* Main.storyboard */ = {
			isa = PBXVariantGroup;
			children = (
				A02EA5192054D141004C912F /* Base */,
			);
			name = Main.storyboard;
			sourceTree = "<group>";
		};
		A02EA51D2054D141004C912F /* LaunchScreen.storyboard */ = {
			isa = PBXVariantGroup;
			children = (
				A02EA51E2054D141004C912F /* Base */,
			);
			name = LaunchScreen.storyboard;
			sourceTree = "<group>";
		};
/* End PBXVariantGroup section */

/* Begin XCBuildConfiguration section */
		A02EA5212054D141004C912F /* Debug */ = {
			isa = XCBuildConfiguration;
			buildSettings = {
				ALWAYS_SEARCH_USER_PATHS = NO;
				CLANG_ANALYZER_NONNULL = YES;
				CLANG_ANALYZER_NUMBER_OBJECT_CONVERSION = YES_AGGRESSIVE;
				CLANG_CXX_LANGUAGE_STANDARD = "gnu++14";
				CLANG_CXX_LIBRARY = "libc++";
				CLANG_ENABLE_MODULES = YES;
				CLANG_ENABLE_OBJC_ARC = YES;
				CLANG_WARN_BLOCK_CAPTURE_AUTORELEASING = YES;
				CLANG_WARN_BOOL_CONVERSION = YES;
				CLANG_WARN_COMMA = YES;
				CLANG_WARN_CONSTANT_CONVERSION = YES;
				CLANG_WARN_DIRECT_OBJC_ISA_USAGE = YES_ERROR;
				CLANG_WARN_DOCUMENTATION_COMMENTS = YES;
				CLANG_WARN_EMPTY_BODY = YES;
				CLANG_WARN_ENUM_CONVERSION = YES;
				CLANG_WARN_INFINITE_RECURSION = YES;
				CLANG_WARN_INT_CONVERSION = YES;
				CLANG_WARN_NON_LITERAL_NULL_CONVERSION = YES;
				CLANG_WARN_OBJC_LITERAL_CONVERSION = YES;
				CLANG_WARN_OBJC_ROOT_CLASS = YES_ERROR;
				CLANG_WARN_RANGE_LOOP_ANALYSIS = YES;
				CLANG_WARN_STRICT_PROTOTYPES = YES;
				CLANG_WARN_SUSPICIOUS_MOVE = YES;
				CLANG_WARN_UNGUARDED_AVAILABILITY = YES_AGGRESSIVE;
				CLANG_WARN_UNREACHABLE_CODE = YES;
				CLANG_WARN__DUPLICATE_METHOD_MATCH = YES;
				CODE_SIGN_IDENTITY = "iPhone Developer";
				COPY_PHASE_STRIP = NO;
				DEBUG_INFORMATION_FORMAT = dwarf;
				ENABLE_STRICT_OBJC_MSGSEND = YES;
				ENABLE_TESTABILITY = YES;
				GCC_C_LANGUAGE_STANDARD = gnu11;
				GCC_DYNAMIC_NO_PIC = NO;
				GCC_NO_COMMON_BLOCKS = YES;
				GCC_OPTIMIZATION_LEVEL = 0;
				GCC_PREPROCESSOR_DEFINITIONS = (
					"DEBUG=1",
					"$(inherited)",
				);
				GCC_WARN_64_TO_32_BIT_CONVERSION = YES;
				GCC_WARN_ABOUT_RETURN_TYPE = YES_ERROR;
				GCC_WARN_UNDECLARED_SELECTOR = YES;
				GCC_WARN_UNINITIALIZED_AUTOS = YES_AGGRESSIVE;
				GCC_WARN_UNUSED_FUNCTION = YES;
				GCC_WARN_UNUSED_VARIABLE = YES;
				IPHONEOS_DEPLOYMENT_TARGET = 11.2;
				MTL_ENABLE_DEBUG_INFO = YES;
				ONLY_ACTIVE_ARCH = YES;
				SDKROOT = iphoneos;
				SWIFT_ACTIVE_COMPILATION_CONDITIONS = DEBUG;
				SWIFT_OPTIMIZATION_LEVEL = "-Onone";
			};
			name = Debug;
		};
		A02EA5222054D141004C912F /* Release */ = {
			isa = XCBuildConfiguration;
			buildSettings = {
				ALWAYS_SEARCH_USER_PATHS = NO;
				CLANG_ANALYZER_NONNULL = YES;
				CLANG_ANALYZER_NUMBER_OBJECT_CONVERSION = YES_AGGRESSIVE;
				CLANG_CXX_LANGUAGE_STANDARD = "gnu++14";
				CLANG_CXX_LIBRARY = "libc++";
				CLANG_ENABLE_MODULES = YES;
				CLANG_ENABLE_OBJC_ARC = YES;
				CLANG_WARN_BLOCK_CAPTURE_AUTORELEASING = YES;
				CLANG_WARN_BOOL_CONVERSION = YES;
				CLANG_WARN_COMMA = YES;
				CLANG_WARN_CONSTANT_CONVERSION = YES;
				CLANG_WARN_DIRECT_OBJC_ISA_USAGE = YES_ERROR;
				CLANG_WARN_DOCUMENTATION_COMMENTS = YES;
				CLANG_WARN_EMPTY_BODY = YES;
				CLANG_WARN_ENUM_CONVERSION = YES;
				CLANG_WARN_INFINITE_RECURSION = YES;
				CLANG_WARN_INT_CONVERSION = YES;
				CLANG_WARN_NON_LITERAL_NULL_CONVERSION = YES;
				CLANG_WARN_OBJC_LITERAL_CONVERSION = YES;
				CLANG_WARN_OBJC_ROOT_CLASS = YES_ERROR;
				CLANG_WARN_RANGE_LOOP_ANALYSIS = YES;
				CLANG_WARN_STRICT_PROTOTYPES = YES;
				CLANG_WARN_SUSPICIOUS_MOVE = YES;
				CLANG_WARN_UNGUARDED_AVAILABILITY = YES_AGGRESSIVE;
				CLANG_WARN_UNREACHABLE_CODE = YES;
				CLANG_WARN__DUPLICATE_METHOD_MATCH = YES;
				CODE_SIGN_IDENTITY = "iPhone Developer";
				COPY_PHASE_STRIP = NO;
				DEBUG_INFORMATION_FORMAT = "dwarf-with-dsym";
				ENABLE_NS_ASSERTIONS = NO;
				ENABLE_STRICT_OBJC_MSGSEND = YES;
				GCC_C_LANGUAGE_STANDARD = gnu11;
				GCC_NO_COMMON_BLOCKS = YES;
				GCC_WARN_64_TO_32_BIT_CONVERSION = YES;
				GCC_WARN_ABOUT_RETURN_TYPE = YES_ERROR;
				GCC_WARN_UNDECLARED_SELECTOR = YES;
				GCC_WARN_UNINITIALIZED_AUTOS = YES_AGGRESSIVE;
				GCC_WARN_UNUSED_FUNCTION = YES;
				GCC_WARN_UNUSED_VARIABLE = YES;
				IPHONEOS_DEPLOYMENT_TARGET = 11.2;
				MTL_ENABLE_DEBUG_INFO = NO;
				SDKROOT = iphoneos;
				SWIFT_OPTIMIZATION_LEVEL = "-Owholemodule";
				VALIDATE_PRODUCT = YES;
			};
			name = Release;
		};
		A02EA5242054D141004C912F /* Debug */ = {
			isa = XCBuildConfiguration;
			baseConfigurationReference = BF2752AEF889D5A6434C5E5C /* Pods-To-Do.debug.xcconfig */;
			buildSettings = {
				ASSETCATALOG_COMPILER_APPICON_NAME = AppIcon;
				CODE_SIGN_STYLE = Automatic;
				DEVELOPMENT_TEAM = GH49DT66HG;
				INFOPLIST_FILE = "To-Do/Info.plist";
				LD_RUNPATH_SEARCH_PATHS = "$(inherited) @executable_path/Frameworks";
				PRODUCT_BUNDLE_IDENTIFIER = "coco.To-Do";
				PRODUCT_NAME = "$(TARGET_NAME)";
				SWIFT_VERSION = 4.0;
				TARGETED_DEVICE_FAMILY = "1,2";
			};
			name = Debug;
		};
		A02EA5252054D141004C912F /* Release */ = {
			isa = XCBuildConfiguration;
			baseConfigurationReference = C03510292F728DB51D37BBCB /* Pods-To-Do.release.xcconfig */;
			buildSettings = {
				ASSETCATALOG_COMPILER_APPICON_NAME = AppIcon;
				CODE_SIGN_STYLE = Automatic;
				DEVELOPMENT_TEAM = GH49DT66HG;
				INFOPLIST_FILE = "To-Do/Info.plist";
				LD_RUNPATH_SEARCH_PATHS = "$(inherited) @executable_path/Frameworks";
				PRODUCT_BUNDLE_IDENTIFIER = "coco.To-Do";
				PRODUCT_NAME = "$(TARGET_NAME)";
				SWIFT_VERSION = 4.0;
				TARGETED_DEVICE_FAMILY = "1,2";
			};
			name = Release;
		};
/* End XCBuildConfiguration section */

/* Begin XCConfigurationList section */
		A02EA50C2054D141004C912F /* Build configuration list for PBXProject "To-Do" */ = {
			isa = XCConfigurationList;
			buildConfigurations = (
				A02EA5212054D141004C912F /* Debug */,
				A02EA5222054D141004C912F /* Release */,
			);
			defaultConfigurationIsVisible = 0;
			defaultConfigurationName = Release;
		};
		A02EA5232054D141004C912F /* Build configuration list for PBXNativeTarget "To-Do" */ = {
			isa = XCConfigurationList;
			buildConfigurations = (
				A02EA5242054D141004C912F /* Debug */,
				A02EA5252054D141004C912F /* Release */,
			);
			defaultConfigurationIsVisible = 0;
			defaultConfigurationName = Release;
		};
/* End XCConfigurationList section */
	};
	rootObject = A02EA5092054D141004C912F /* Project object */;
}
