// !$*UTF8*$!
{
	archiveVersion = 1;
	classes = {
	};
	objectVersion = 46;
	objects = {

/* Begin PBXBuildFile section */
		A0AEC46A1F931ADC009ECD37 /* MealHighlight.swift in Sources */ = {isa = PBXBuildFile; fileRef = A0AEC4691F931ADC009ECD37 /* MealHighlight.swift */; };
		A0FBE1291F92EEB5000EC07C /* AppDelegate.swift in Sources */ = {isa = PBXBuildFile; fileRef = A0FBE1281F92EEB5000EC07C /* AppDelegate.swift */; };
		A0FBE12B1F92EEB5000EC07C /* ViewController.swift in Sources */ = {isa = PBXBuildFile; fileRef = A0FBE12A1F92EEB5000EC07C /* ViewController.swift */; };
		A0FBE12E1F92EEB5000EC07C /* Main.storyboard in Resources */ = {isa = PBXBuildFile; fileRef = A0FBE12C1F92EEB5000EC07C /* Main.storyboard */; };
		A0FBE1301F92EEB5000EC07C /* Assets.xcassets in Resources */ = {isa = PBXBuildFile; fileRef = A0FBE12F1F92EEB5000EC07C /* Assets.xcassets */; };
		A0FBE1331F92EEB5000EC07C /* LaunchScreen.storyboard in Resources */ = {isa = PBXBuildFile; fileRef = A0FBE1311F92EEB5000EC07C /* LaunchScreen.storyboard */; };
		A0FBE13B1F930363000EC07C /* FoodViewController.swift in Sources */ = {isa = PBXBuildFile; fileRef = A0FBE13A1F930363000EC07C /* FoodViewController.swift */; };
		A0FBE13D1F930381000EC07C /* RecordViewController.swift in Sources */ = {isa = PBXBuildFile; fileRef = A0FBE13C1F930381000EC07C /* RecordViewController.swift */; };
/* End PBXBuildFile section */

/* Begin PBXFileReference section */
		A0AEC4691F931ADC009ECD37 /* MealHighlight.swift */ = {isa = PBXFileReference; fileEncoding = 4; lastKnownFileType = sourcecode.swift; path = MealHighlight.swift; sourceTree = "<group>"; };
		A0FBE1251F92EEB5000EC07C /* Daylight.app */ = {isa = PBXFileReference; explicitFileType = wrapper.application; includeInIndex = 0; path = Daylight.app; sourceTree = BUILT_PRODUCTS_DIR; };
		A0FBE1281F92EEB5000EC07C /* AppDelegate.swift */ = {isa = PBXFileReference; lastKnownFileType = sourcecode.swift; path = AppDelegate.swift; sourceTree = "<group>"; };
		A0FBE12A1F92EEB5000EC07C /* ViewController.swift */ = {isa = PBXFileReference; lastKnownFileType = sourcecode.swift; path = ViewController.swift; sourceTree = "<group>"; };
		A0FBE12D1F92EEB5000EC07C /* Base */ = {isa = PBXFileReference; lastKnownFileType = file.storyboard; name = Base; path = Base.lproj/Main.storyboard; sourceTree = "<group>"; };
		A0FBE12F1F92EEB5000EC07C /* Assets.xcassets */ = {isa = PBXFileReference; lastKnownFileType = folder.assetcatalog; path = Assets.xcassets; sourceTree = "<group>"; };
		A0FBE1321F92EEB5000EC07C /* Base */ = {isa = PBXFileReference; lastKnownFileType = file.storyboard; name = Base; path = Base.lproj/LaunchScreen.storyboard; sourceTree = "<group>"; };
		A0FBE1341F92EEB5000EC07C /* Info.plist */ = {isa = PBXFileReference; lastKnownFileType = text.plist.xml; path = Info.plist; sourceTree = "<group>"; };
		A0FBE13A1F930363000EC07C /* FoodViewController.swift */ = {isa = PBXFileReference; fileEncoding = 4; lastKnownFileType = sourcecode.swift; name = FoodViewController.swift; path = ../FoodViewController.swift; sourceTree = "<group>"; };
		A0FBE13C1F930381000EC07C /* RecordViewController.swift */ = {isa = PBXFileReference; fileEncoding = 4; lastKnownFileType = sourcecode.swift; path = RecordViewController.swift; sourceTree = "<group>"; };
/* End PBXFileReference section */

/* Begin PBXFrameworksBuildPhase section */
		A0FBE1221F92EEB5000EC07C /* Frameworks */ = {
			isa = PBXFrameworksBuildPhase;
			buildActionMask = 2147483647;
			files = (
			);
			runOnlyForDeploymentPostprocessing = 0;
		};
/* End PBXFrameworksBuildPhase section */

/* Begin PBXGroup section */
		A0FBE11C1F92EEB5000EC07C = {
			isa = PBXGroup;
			children = (
				A0FBE1271F92EEB5000EC07C /* Daylight */,
				A0FBE1261F92EEB5000EC07C /* Products */,
			);
			sourceTree = "<group>";
		};
		A0FBE1261F92EEB5000EC07C /* Products */ = {
			isa = PBXGroup;
			children = (
				A0FBE1251F92EEB5000EC07C /* Daylight.app */,
			);
			name = Products;
			sourceTree = "<group>";
		};
		A0FBE1271F92EEB5000EC07C /* Daylight */ = {
			isa = PBXGroup;
			children = (
				A0FBE12A1F92EEB5000EC07C /* ViewController.swift */,
				A0FBE13A1F930363000EC07C /* FoodViewController.swift */,
				A0FBE13C1F930381000EC07C /* RecordViewController.swift */,
				A0FBE1281F92EEB5000EC07C /* AppDelegate.swift */,
				A0FBE12C1F92EEB5000EC07C /* Main.storyboard */,
				A0AEC4691F931ADC009ECD37 /* MealHighlight.swift */,
				A0FBE12F1F92EEB5000EC07C /* Assets.xcassets */,
				A0FBE1311F92EEB5000EC07C /* LaunchScreen.storyboard */,
				A0FBE1341F92EEB5000EC07C /* Info.plist */,
			);
			path = Daylight;
			sourceTree = "<group>";
		};
/* End PBXGroup section */

/* Begin PBXNativeTarget section */
		A0FBE1241F92EEB5000EC07C /* Daylight */ = {
			isa = PBXNativeTarget;
			buildConfigurationList = A0FBE1371F92EEB5000EC07C /* Build configuration list for PBXNativeTarget "Daylight" */;
			buildPhases = (
				A0FBE1211F92EEB5000EC07C /* Sources */,
				A0FBE1221F92EEB5000EC07C /* Frameworks */,
				A0FBE1231F92EEB5000EC07C /* Resources */,
			);
			buildRules = (
			);
			dependencies = (
			);
			name = Daylight;
			productName = Daylight;
			productReference = A0FBE1251F92EEB5000EC07C /* Daylight.app */;
			productType = "com.apple.product-type.application";
		};
/* End PBXNativeTarget section */

/* Begin PBXProject section */
		A0FBE11D1F92EEB5000EC07C /* Project object */ = {
			isa = PBXProject;
			attributes = {
				LastSwiftUpdateCheck = 0830;
				LastUpgradeCheck = 0830;
				ORGANIZATIONNAME = "Keke Wu";
				TargetAttributes = {
					A0FBE1241F92EEB5000EC07C = {
						CreatedOnToolsVersion = 8.3.3;
						DevelopmentTeam = 24X4Q8GW4R;
						ProvisioningStyle = Automatic;
					};
				};
			};
			buildConfigurationList = A0FBE1201F92EEB5000EC07C /* Build configuration list for PBXProject "Daylight" */;
			compatibilityVersion = "Xcode 3.2";
			developmentRegion = English;
			hasScannedForEncodings = 0;
			knownRegions = (
				en,
				Base,
			);
			mainGroup = A0FBE11C1F92EEB5000EC07C;
			productRefGroup = A0FBE1261F92EEB5000EC07C /* Products */;
			projectDirPath = "";
			projectRoot = "";
			targets = (
				A0FBE1241F92EEB5000EC07C /* Daylight */,
			);
		};
/* End PBXProject section */

/* Begin PBXResourcesBuildPhase section */
		A0FBE1231F92EEB5000EC07C /* Resources */ = {
			isa = PBXResourcesBuildPhase;
			buildActionMask = 2147483647;
			files = (
				A0FBE1331F92EEB5000EC07C /* LaunchScreen.storyboard in Resources */,
				A0FBE1301F92EEB5000EC07C /* Assets.xcassets in Resources */,
				A0FBE12E1F92EEB5000EC07C /* Main.storyboard in Resources */,
			);
			runOnlyForDeploymentPostprocessing = 0;
		};
/* End PBXResourcesBuildPhase section */

/* Begin PBXSourcesBuildPhase section */
		A0FBE1211F92EEB5000EC07C /* Sources */ = {
			isa = PBXSourcesBuildPhase;
			buildActionMask = 2147483647;
			files = (
				A0FBE12B1F92EEB5000EC07C /* ViewController.swift in Sources */,
				A0FBE13B1F930363000EC07C /* FoodViewController.swift in Sources */,
				A0FBE1291F92EEB5000EC07C /* AppDelegate.swift in Sources */,
				A0FBE13D1F930381000EC07C /* RecordViewController.swift in Sources */,
				A0AEC46A1F931ADC009ECD37 /* MealHighlight.swift in Sources */,
			);
			runOnlyForDeploymentPostprocessing = 0;
		};
/* End PBXSourcesBuildPhase section */

/* Begin PBXVariantGroup section */
		A0FBE12C1F92EEB5000EC07C /* Main.storyboard */ = {
			isa = PBXVariantGroup;
			children = (
				A0FBE12D1F92EEB5000EC07C /* Base */,
			);
			name = Main.storyboard;
			sourceTree = "<group>";
		};
		A0FBE1311F92EEB5000EC07C /* LaunchScreen.storyboard */ = {
			isa = PBXVariantGroup;
			children = (
				A0FBE1321F92EEB5000EC07C /* Base */,
			);
			name = LaunchScreen.storyboard;
			sourceTree = "<group>";
		};
/* End PBXVariantGroup section */

/* Begin XCBuildConfiguration section */
		A0FBE1351F92EEB5000EC07C /* Debug */ = {
			isa = XCBuildConfiguration;
			buildSettings = {
				ALWAYS_SEARCH_USER_PATHS = NO;
				CLANG_ANALYZER_NONNULL = YES;
				CLANG_ANALYZER_NUMBER_OBJECT_CONVERSION = YES_AGGRESSIVE;
				CLANG_CXX_LANGUAGE_STANDARD = "gnu++0x";
				CLANG_CXX_LIBRARY = "libc++";
				CLANG_ENABLE_MODULES = YES;
				CLANG_ENABLE_OBJC_ARC = YES;
				CLANG_WARN_BOOL_CONVERSION = YES;
				CLANG_WARN_CONSTANT_CONVERSION = YES;
				CLANG_WARN_DIRECT_OBJC_ISA_USAGE = YES_ERROR;
				CLANG_WARN_DOCUMENTATION_COMMENTS = YES;
				CLANG_WARN_EMPTY_BODY = YES;
				CLANG_WARN_ENUM_CONVERSION = YES;
				CLANG_WARN_INFINITE_RECURSION = YES;
				CLANG_WARN_INT_CONVERSION = YES;
				CLANG_WARN_OBJC_ROOT_CLASS = YES_ERROR;
				CLANG_WARN_SUSPICIOUS_MOVE = YES;
				CLANG_WARN_UNREACHABLE_CODE = YES;
				CLANG_WARN__DUPLICATE_METHOD_MATCH = YES;
				"CODE_SIGN_IDENTITY[sdk=iphoneos*]" = "iPhone Developer";
				COPY_PHASE_STRIP = NO;
				DEBUG_INFORMATION_FORMAT = dwarf;
				ENABLE_STRICT_OBJC_MSGSEND = YES;
				ENABLE_TESTABILITY = YES;
				GCC_C_LANGUAGE_STANDARD = gnu99;
				GCC_DYNAMIC_NO_PIC = NO;
				GCC_NO_COMMON_BLOCKS = YES;
				GCC_OPTIMIZATION_LEVEL = 0;
				GCC_PREPROCESSOR_DEFINITIONS = (
					"DEBUG=1",
					"$(inherited)",
				);
				GCC_WARN_64_TO_32_BIT_CONVERSION = YES;
				GCC_WARN_ABOUT_RETURN_TYPE = YES_ERROR;
				GCC_WARN_UNDECLARED_SELECTOR = YES;
				GCC_WARN_UNINITIALIZED_AUTOS = YES_AGGRESSIVE;
				GCC_WARN_UNUSED_FUNCTION = YES;
				GCC_WARN_UNUSED_VARIABLE = YES;
				IPHONEOS_DEPLOYMENT_TARGET = 10.3;
				MTL_ENABLE_DEBUG_INFO = YES;
				ONLY_ACTIVE_ARCH = YES;
				SDKROOT = iphoneos;
				SWIFT_ACTIVE_COMPILATION_CONDITIONS = DEBUG;
				SWIFT_OPTIMIZATION_LEVEL = "-Onone";
				TARGETED_DEVICE_FAMILY = "1,2";
			};
			name = Debug;
		};
		A0FBE1361F92EEB5000EC07C /* Release */ = {
			isa = XCBuildConfiguration;
			buildSettings = {
				ALWAYS_SEARCH_USER_PATHS = NO;
				CLANG_ANALYZER_NONNULL = YES;
				CLANG_ANALYZER_NUMBER_OBJECT_CONVERSION = YES_AGGRESSIVE;
				CLANG_CXX_LANGUAGE_STANDARD = "gnu++0x";
				CLANG_CXX_LIBRARY = "libc++";
				CLANG_ENABLE_MODULES = YES;
				CLANG_ENABLE_OBJC_ARC = YES;
				CLANG_WARN_BOOL_CONVERSION = YES;
				CLANG_WARN_CONSTANT_CONVERSION = YES;
				CLANG_WARN_DIRECT_OBJC_ISA_USAGE = YES_ERROR;
				CLANG_WARN_DOCUMENTATION_COMMENTS = YES;
				CLANG_WARN_EMPTY_BODY = YES;
				CLANG_WARN_ENUM_CONVERSION = YES;
				CLANG_WARN_INFINITE_RECURSION = YES;
				CLANG_WARN_INT_CONVERSION = YES;
				CLANG_WARN_OBJC_ROOT_CLASS = YES_ERROR;
				CLANG_WARN_SUSPICIOUS_MOVE = YES;
				CLANG_WARN_UNREACHABLE_CODE = YES;
				CLANG_WARN__DUPLICATE_METHOD_MATCH = YES;
				"CODE_SIGN_IDENTITY[sdk=iphoneos*]" = "iPhone Developer";
				COPY_PHASE_STRIP = NO;
				DEBUG_INFORMATION_FORMAT = "dwarf-with-dsym";
				ENABLE_NS_ASSERTIONS = NO;
				ENABLE_STRICT_OBJC_MSGSEND = YES;
				GCC_C_LANGUAGE_STANDARD = gnu99;
				GCC_NO_COMMON_BLOCKS = YES;
				GCC_WARN_64_TO_32_BIT_CONVERSION = YES;
				GCC_WARN_ABOUT_RETURN_TYPE = YES_ERROR;
				GCC_WARN_UNDECLARED_SELECTOR = YES;
				GCC_WARN_UNINITIALIZED_AUTOS = YES_AGGRESSIVE;
				GCC_WARN_UNUSED_FUNCTION = YES;
				GCC_WARN_UNUSED_VARIABLE = YES;
				IPHONEOS_DEPLOYMENT_TARGET = 10.3;
				MTL_ENABLE_DEBUG_INFO = NO;
				SDKROOT = iphoneos;
				SWIFT_OPTIMIZATION_LEVEL = "-Owholemodule";
				TARGETED_DEVICE_FAMILY = "1,2";
				VALIDATE_PRODUCT = YES;
			};
			name = Release;
		};
		A0FBE1381F92EEB5000EC07C /* Debug */ = {
			isa = XCBuildConfiguration;
			buildSettings = {
				ASSETCATALOG_COMPILER_APPICON_NAME = AppIcon;
				DEVELOPMENT_TEAM = 24X4Q8GW4R;
				INFOPLIST_FILE = Daylight/Info.plist;
				LD_RUNPATH_SEARCH_PATHS = "$(inherited) @executable_path/Frameworks";
				PRODUCT_BUNDLE_IDENTIFIER = coco.Daylight;
				PRODUCT_NAME = "$(TARGET_NAME)";
				SWIFT_VERSION = 3.0;
			};
			name = Debug;
		};
		A0FBE1391F92EEB5000EC07C /* Release */ = {
			isa = XCBuildConfiguration;
			buildSettings = {
				ASSETCATALOG_COMPILER_APPICON_NAME = AppIcon;
				DEVELOPMENT_TEAM = 24X4Q8GW4R;
				INFOPLIST_FILE = Daylight/Info.plist;
				LD_RUNPATH_SEARCH_PATHS = "$(inherited) @executable_path/Frameworks";
				PRODUCT_BUNDLE_IDENTIFIER = coco.Daylight;
				PRODUCT_NAME = "$(TARGET_NAME)";
				SWIFT_VERSION = 3.0;
			};
			name = Release;
		};
/* End XCBuildConfiguration section */

/* Begin XCConfigurationList section */
		A0FBE1201F92EEB5000EC07C /* Build configuration list for PBXProject "Daylight" */ = {
			isa = XCConfigurationList;
			buildConfigurations = (
				A0FBE1351F92EEB5000EC07C /* Debug */,
				A0FBE1361F92EEB5000EC07C /* Release */,
			);
			defaultConfigurationIsVisible = 0;
			defaultConfigurationName = Release;
		};
		A0FBE1371F92EEB5000EC07C /* Build configuration list for PBXNativeTarget "Daylight" */ = {
			isa = XCConfigurationList;
			buildConfigurations = (
				A0FBE1381F92EEB5000EC07C /* Debug */,
				A0FBE1391F92EEB5000EC07C /* Release */,
			);
			defaultConfigurationIsVisible = 0;
			defaultConfigurationName = Release;
		};
/* End XCConfigurationList section */
	};
	rootObject = A0FBE11D1F92EEB5000EC07C /* Project object */;
}
