// !$*UTF8*$!
{
	archiveVersion = 1;
	classes = {
	};
	objectVersion = 48;
	objects = {

/* Begin PBXBuildFile section */
		A08CA86F205AEC9000E4650C /* AppDelegate.swift in Sources */ = {isa = PBXBuildFile; fileRef = A08CA86E205AEC9000E4650C /* AppDelegate.swift */; };
		A08CA874205AEC9000E4650C /* Main.storyboard in Resources */ = {isa = PBXBuildFile; fileRef = A08CA872205AEC9000E4650C /* Main.storyboard */; };
		A08CA876205AEC9000E4650C /* Assets.xcassets in Resources */ = {isa = PBXBuildFile; fileRef = A08CA875205AEC9000E4650C /* Assets.xcassets */; };
		A08CA879205AEC9000E4650C /* LaunchScreen.storyboard in Resources */ = {isa = PBXBuildFile; fileRef = A08CA877205AEC9000E4650C /* LaunchScreen.storyboard */; };
		A08CA881205AECD300E4650C /* ResTableViewController.swift in Sources */ = {isa = PBXBuildFile; fileRef = A08CA880205AECD300E4650C /* ResTableViewController.swift */; };
		A08CA883205AED2700E4650C /* DetailViewController.swift in Sources */ = {isa = PBXBuildFile; fileRef = A08CA882205AED2700E4650C /* DetailViewController.swift */; };
		A08CA885205AEDD600E4650C /* Restaurants.swift in Sources */ = {isa = PBXBuildFile; fileRef = A08CA884205AEDD600E4650C /* Restaurants.swift */; };
		A08CA887205AEE8700E4650C /* restaurants.plist in Resources */ = {isa = PBXBuildFile; fileRef = A08CA886205AEE8700E4650C /* restaurants.plist */; };
		A08CA889205AEFB500E4650C /* WebViewController.swift in Sources */ = {isa = PBXBuildFile; fileRef = A08CA888205AEFB500E4650C /* WebViewController.swift */; };
		A08CA88B205AF2AF00E4650C /* SearchViewController.swift in Sources */ = {isa = PBXBuildFile; fileRef = A08CA88A205AF2AF00E4650C /* SearchViewController.swift */; };
		A08CA88D205AF48100E4650C /* AddViewController.swift in Sources */ = {isa = PBXBuildFile; fileRef = A08CA88C205AF48100E4650C /* AddViewController.swift */; };
/* End PBXBuildFile section */

/* Begin PBXFileReference section */
		A08CA86B205AEC9000E4650C /* Mid_keke.app */ = {isa = PBXFileReference; explicitFileType = wrapper.application; includeInIndex = 0; path = Mid_keke.app; sourceTree = BUILT_PRODUCTS_DIR; };
		A08CA86E205AEC9000E4650C /* AppDelegate.swift */ = {isa = PBXFileReference; lastKnownFileType = sourcecode.swift; path = AppDelegate.swift; sourceTree = "<group>"; };
		A08CA873205AEC9000E4650C /* Base */ = {isa = PBXFileReference; lastKnownFileType = file.storyboard; name = Base; path = Base.lproj/Main.storyboard; sourceTree = "<group>"; };
		A08CA875205AEC9000E4650C /* Assets.xcassets */ = {isa = PBXFileReference; lastKnownFileType = folder.assetcatalog; path = Assets.xcassets; sourceTree = "<group>"; };
		A08CA878205AEC9000E4650C /* Base */ = {isa = PBXFileReference; lastKnownFileType = file.storyboard; name = Base; path = Base.lproj/LaunchScreen.storyboard; sourceTree = "<group>"; };
		A08CA87A205AEC9000E4650C /* Info.plist */ = {isa = PBXFileReference; lastKnownFileType = text.plist.xml; path = Info.plist; sourceTree = "<group>"; };
		A08CA880205AECD300E4650C /* ResTableViewController.swift */ = {isa = PBXFileReference; lastKnownFileType = sourcecode.swift; path = ResTableViewController.swift; sourceTree = "<group>"; };
		A08CA882205AED2700E4650C /* DetailViewController.swift */ = {isa = PBXFileReference; lastKnownFileType = sourcecode.swift; path = DetailViewController.swift; sourceTree = "<group>"; };
		A08CA884205AEDD600E4650C /* Restaurants.swift */ = {isa = PBXFileReference; lastKnownFileType = sourcecode.swift; path = Restaurants.swift; sourceTree = "<group>"; };
		A08CA886205AEE8700E4650C /* restaurants.plist */ = {isa = PBXFileReference; fileEncoding = 4; lastKnownFileType = text.plist.xml; path = restaurants.plist; sourceTree = "<group>"; };
		A08CA888205AEFB500E4650C /* WebViewController.swift */ = {isa = PBXFileReference; lastKnownFileType = sourcecode.swift; path = WebViewController.swift; sourceTree = "<group>"; };
		A08CA88A205AF2AF00E4650C /* SearchViewController.swift */ = {isa = PBXFileReference; lastKnownFileType = sourcecode.swift; path = SearchViewController.swift; sourceTree = "<group>"; };
		A08CA88C205AF48100E4650C /* AddViewController.swift */ = {isa = PBXFileReference; lastKnownFileType = sourcecode.swift; path = AddViewController.swift; sourceTree = "<group>"; };
/* End PBXFileReference section */

/* Begin PBXFrameworksBuildPhase section */
		A08CA868205AEC9000E4650C /* Frameworks */ = {
			isa = PBXFrameworksBuildPhase;
			buildActionMask = 2147483647;
			files = (
			);
			runOnlyForDeploymentPostprocessing = 0;
		};
/* End PBXFrameworksBuildPhase section */

/* Begin PBXGroup section */
		A08CA862205AEC9000E4650C = {
			isa = PBXGroup;
			children = (
				A08CA86D205AEC9000E4650C /* Mid_keke */,
				A08CA86C205AEC9000E4650C /* Products */,
			);
			sourceTree = "<group>";
		};
		A08CA86C205AEC9000E4650C /* Products */ = {
			isa = PBXGroup;
			children = (
				A08CA86B205AEC9000E4650C /* Mid_keke.app */,
			);
			name = Products;
			sourceTree = "<group>";
		};
		A08CA86D205AEC9000E4650C /* Mid_keke */ = {
			isa = PBXGroup;
			children = (
				A08CA86E205AEC9000E4650C /* AppDelegate.swift */,
				A08CA872205AEC9000E4650C /* Main.storyboard */,
				A08CA882205AED2700E4650C /* DetailViewController.swift */,
				A08CA884205AEDD600E4650C /* Restaurants.swift */,
				A08CA880205AECD300E4650C /* ResTableViewController.swift */,
				A08CA88C205AF48100E4650C /* AddViewController.swift */,
				A08CA88A205AF2AF00E4650C /* SearchViewController.swift */,
				A08CA888205AEFB500E4650C /* WebViewController.swift */,
				A08CA875205AEC9000E4650C /* Assets.xcassets */,
				A08CA877205AEC9000E4650C /* LaunchScreen.storyboard */,
				A08CA886205AEE8700E4650C /* restaurants.plist */,
				A08CA87A205AEC9000E4650C /* Info.plist */,
			);
			path = Mid_keke;
			sourceTree = "<group>";
		};
/* End PBXGroup section */

/* Begin PBXNativeTarget section */
		A08CA86A205AEC9000E4650C /* Mid_keke */ = {
			isa = PBXNativeTarget;
			buildConfigurationList = A08CA87D205AEC9000E4650C /* Build configuration list for PBXNativeTarget "Mid_keke" */;
			buildPhases = (
				A08CA867205AEC9000E4650C /* Sources */,
				A08CA868205AEC9000E4650C /* Frameworks */,
				A08CA869205AEC9000E4650C /* Resources */,
			);
			buildRules = (
			);
			dependencies = (
			);
			name = Mid_keke;
			productName = Mid_keke;
			productReference = A08CA86B205AEC9000E4650C /* Mid_keke.app */;
			productType = "com.apple.product-type.application";
		};
/* End PBXNativeTarget section */

/* Begin PBXProject section */
		A08CA863205AEC9000E4650C /* Project object */ = {
			isa = PBXProject;
			attributes = {
				LastSwiftUpdateCheck = 0920;
				LastUpgradeCheck = 0920;
				ORGANIZATIONNAME = "Keke Wu";
				TargetAttributes = {
					A08CA86A205AEC9000E4650C = {
						CreatedOnToolsVersion = 9.2;
						ProvisioningStyle = Automatic;
					};
				};
			};
			buildConfigurationList = A08CA866205AEC9000E4650C /* Build configuration list for PBXProject "Mid_keke" */;
			compatibilityVersion = "Xcode 8.0";
			developmentRegion = en;
			hasScannedForEncodings = 0;
			knownRegions = (
				en,
				Base,
			);
			mainGroup = A08CA862205AEC9000E4650C;
			productRefGroup = A08CA86C205AEC9000E4650C /* Products */;
			projectDirPath = "";
			projectRoot = "";
			targets = (
				A08CA86A205AEC9000E4650C /* Mid_keke */,
			);
		};
/* End PBXProject section */

/* Begin PBXResourcesBuildPhase section */
		A08CA869205AEC9000E4650C /* Resources */ = {
			isa = PBXResourcesBuildPhase;
			buildActionMask = 2147483647;
			files = (
				A08CA879205AEC9000E4650C /* LaunchScreen.storyboard in Resources */,
				A08CA876205AEC9000E4650C /* Assets.xcassets in Resources */,
				A08CA874205AEC9000E4650C /* Main.storyboard in Resources */,
				A08CA887205AEE8700E4650C /* restaurants.plist in Resources */,
			);
			runOnlyForDeploymentPostprocessing = 0;
		};
/* End PBXResourcesBuildPhase section */

/* Begin PBXSourcesBuildPhase section */
		A08CA867205AEC9000E4650C /* Sources */ = {
			isa = PBXSourcesBuildPhase;
			buildActionMask = 2147483647;
			files = (
				A08CA88B205AF2AF00E4650C /* SearchViewController.swift in Sources */,
				A08CA885205AEDD600E4650C /* Restaurants.swift in Sources */,
				A08CA88D205AF48100E4650C /* AddViewController.swift in Sources */,
				A08CA883205AED2700E4650C /* DetailViewController.swift in Sources */,
				A08CA881205AECD300E4650C /* ResTableViewController.swift in Sources */,
				A08CA889205AEFB500E4650C /* WebViewController.swift in Sources */,
				A08CA86F205AEC9000E4650C /* AppDelegate.swift in Sources */,
			);
			runOnlyForDeploymentPostprocessing = 0;
		};
/* End PBXSourcesBuildPhase section */

/* Begin PBXVariantGroup section */
		A08CA872205AEC9000E4650C /* Main.storyboard */ = {
			isa = PBXVariantGroup;
			children = (
				A08CA873205AEC9000E4650C /* Base */,
			);
			name = Main.storyboard;
			sourceTree = "<group>";
		};
		A08CA877205AEC9000E4650C /* LaunchScreen.storyboard */ = {
			isa = PBXVariantGroup;
			children = (
				A08CA878205AEC9000E4650C /* Base */,
			);
			name = LaunchScreen.storyboard;
			sourceTree = "<group>";
		};
/* End PBXVariantGroup section */

/* Begin XCBuildConfiguration section */
		A08CA87B205AEC9000E4650C /* Debug */ = {
			isa = XCBuildConfiguration;
			buildSettings = {
				ALWAYS_SEARCH_USER_PATHS = NO;
				CLANG_ANALYZER_NONNULL = YES;
				CLANG_ANALYZER_NUMBER_OBJECT_CONVERSION = YES_AGGRESSIVE;
				CLANG_CXX_LANGUAGE_STANDARD = "gnu++14";
				CLANG_CXX_LIBRARY = "libc++";
				CLANG_ENABLE_MODULES = YES;
				CLANG_ENABLE_OBJC_ARC = YES;
				CLANG_WARN_BLOCK_CAPTURE_AUTORELEASING = YES;
				CLANG_WARN_BOOL_CONVERSION = YES;
				CLANG_WARN_COMMA = YES;
				CLANG_WARN_CONSTANT_CONVERSION = YES;
				CLANG_WARN_DIRECT_OBJC_ISA_USAGE = YES_ERROR;
				CLANG_WARN_DOCUMENTATION_COMMENTS = YES;
				CLANG_WARN_EMPTY_BODY = YES;
				CLANG_WARN_ENUM_CONVERSION = YES;
				CLANG_WARN_INFINITE_RECURSION = YES;
				CLANG_WARN_INT_CONVERSION = YES;
				CLANG_WARN_NON_LITERAL_NULL_CONVERSION = YES;
				CLANG_WARN_OBJC_LITERAL_CONVERSION = YES;
				CLANG_WARN_OBJC_ROOT_CLASS = YES_ERROR;
				CLANG_WARN_RANGE_LOOP_ANALYSIS = YES;
				CLANG_WARN_STRICT_PROTOTYPES = YES;
				CLANG_WARN_SUSPICIOUS_MOVE = YES;
				CLANG_WARN_UNGUARDED_AVAILABILITY = YES_AGGRESSIVE;
				CLANG_WARN_UNREACHABLE_CODE = YES;
				CLANG_WARN__DUPLICATE_METHOD_MATCH = YES;
				CODE_SIGN_IDENTITY = "iPhone Developer";
				COPY_PHASE_STRIP = NO;
				DEBUG_INFORMATION_FORMAT = dwarf;
				ENABLE_STRICT_OBJC_MSGSEND = YES;
				ENABLE_TESTABILITY = YES;
				GCC_C_LANGUAGE_STANDARD = gnu11;
				GCC_DYNAMIC_NO_PIC = NO;
				GCC_NO_COMMON_BLOCKS = YES;
				GCC_OPTIMIZATION_LEVEL = 0;
				GCC_PREPROCESSOR_DEFINITIONS = (
					"DEBUG=1",
					"$(inherited)",
				);
				GCC_WARN_64_TO_32_BIT_CONVERSION = YES;
				GCC_WARN_ABOUT_RETURN_TYPE = YES_ERROR;
				GCC_WARN_UNDECLARED_SELECTOR = YES;
				GCC_WARN_UNINITIALIZED_AUTOS = YES_AGGRESSIVE;
				GCC_WARN_UNUSED_FUNCTION = YES;
				GCC_WARN_UNUSED_VARIABLE = YES;
				IPHONEOS_DEPLOYMENT_TARGET = 11.2;
				MTL_ENABLE_DEBUG_INFO = YES;
				ONLY_ACTIVE_ARCH = YES;
				SDKROOT = iphoneos;
				SWIFT_ACTIVE_COMPILATION_CONDITIONS = DEBUG;
				SWIFT_OPTIMIZATION_LEVEL = "-Onone";
			};
			name = Debug;
		};
		A08CA87C205AEC9000E4650C /* Release */ = {
			isa = XCBuildConfiguration;
			buildSettings = {
				ALWAYS_SEARCH_USER_PATHS = NO;
				CLANG_ANALYZER_NONNULL = YES;
				CLANG_ANALYZER_NUMBER_OBJECT_CONVERSION = YES_AGGRESSIVE;
				CLANG_CXX_LANGUAGE_STANDARD = "gnu++14";
				CLANG_CXX_LIBRARY = "libc++";
				CLANG_ENABLE_MODULES = YES;
				CLANG_ENABLE_OBJC_ARC = YES;
				CLANG_WARN_BLOCK_CAPTURE_AUTORELEASING = YES;
				CLANG_WARN_BOOL_CONVERSION = YES;
				CLANG_WARN_COMMA = YES;
				CLANG_WARN_CONSTANT_CONVERSION = YES;
				CLANG_WARN_DIRECT_OBJC_ISA_USAGE = YES_ERROR;
				CLANG_WARN_DOCUMENTATION_COMMENTS = YES;
				CLANG_WARN_EMPTY_BODY = YES;
				CLANG_WARN_ENUM_CONVERSION = YES;
				CLANG_WARN_INFINITE_RECURSION = YES;
				CLANG_WARN_INT_CONVERSION = YES;
				CLANG_WARN_NON_LITERAL_NULL_CONVERSION = YES;
				CLANG_WARN_OBJC_LITERAL_CONVERSION = YES;
				CLANG_WARN_OBJC_ROOT_CLASS = YES_ERROR;
				CLANG_WARN_RANGE_LOOP_ANALYSIS = YES;
				CLANG_WARN_STRICT_PROTOTYPES = YES;
				CLANG_WARN_SUSPICIOUS_MOVE = YES;
				CLANG_WARN_UNGUARDED_AVAILABILITY = YES_AGGRESSIVE;
				CLANG_WARN_UNREACHABLE_CODE = YES;
				CLANG_WARN__DUPLICATE_METHOD_MATCH = YES;
				CODE_SIGN_IDENTITY = "iPhone Developer";
				COPY_PHASE_STRIP = NO;
				DEBUG_INFORMATION_FORMAT = "dwarf-with-dsym";
				ENABLE_NS_ASSERTIONS = NO;
				ENABLE_STRICT_OBJC_MSGSEND = YES;
				GCC_C_LANGUAGE_STANDARD = gnu11;
				GCC_NO_COMMON_BLOCKS = YES;
				GCC_WARN_64_TO_32_BIT_CONVERSION = YES;
				GCC_WARN_ABOUT_RETURN_TYPE = YES_ERROR;
				GCC_WARN_UNDECLARED_SELECTOR = YES;
				GCC_WARN_UNINITIALIZED_AUTOS = YES_AGGRESSIVE;
				GCC_WARN_UNUSED_FUNCTION = YES;
				GCC_WARN_UNUSED_VARIABLE = YES;
				IPHONEOS_DEPLOYMENT_TARGET = 11.2;
				MTL_ENABLE_DEBUG_INFO = NO;
				SDKROOT = iphoneos;
				SWIFT_OPTIMIZATION_LEVEL = "-Owholemodule";
				VALIDATE_PRODUCT = YES;
			};
			name = Release;
		};
		A08CA87E205AEC9000E4650C /* Debug */ = {
			isa = XCBuildConfiguration;
			buildSettings = {
				ASSETCATALOG_COMPILER_APPICON_NAME = AppIcon;
				CODE_SIGN_STYLE = Automatic;
				DEVELOPMENT_TEAM = GH49DT66HG;
				INFOPLIST_FILE = Mid_keke/Info.plist;
				LD_RUNPATH_SEARCH_PATHS = "$(inherited) @executable_path/Frameworks";
				PRODUCT_BUNDLE_IDENTIFIER = "coco.Mid-keke";
				PRODUCT_NAME = "$(TARGET_NAME)";
				SWIFT_VERSION = 4.0;
				TARGETED_DEVICE_FAMILY = "1,2";
			};
			name = Debug;
		};
		A08CA87F205AEC9000E4650C /* Release */ = {
			isa = XCBuildConfiguration;
			buildSettings = {
				ASSETCATALOG_COMPILER_APPICON_NAME = AppIcon;
				CODE_SIGN_STYLE = Automatic;
				DEVELOPMENT_TEAM = GH49DT66HG;
				INFOPLIST_FILE = Mid_keke/Info.plist;
				LD_RUNPATH_SEARCH_PATHS = "$(inherited) @executable_path/Frameworks";
				PRODUCT_BUNDLE_IDENTIFIER = "coco.Mid-keke";
				PRODUCT_NAME = "$(TARGET_NAME)";
				SWIFT_VERSION = 4.0;
				TARGETED_DEVICE_FAMILY = "1,2";
			};
			name = Release;
		};
/* End XCBuildConfiguration section */

/* Begin XCConfigurationList section */
		A08CA866205AEC9000E4650C /* Build configuration list for PBXProject "Mid_keke" */ = {
			isa = XCConfigurationList;
			buildConfigurations = (
				A08CA87B205AEC9000E4650C /* Debug */,
				A08CA87C205AEC9000E4650C /* Release */,
			);
			defaultConfigurationIsVisible = 0;
			defaultConfigurationName = Release;
		};
		A08CA87D205AEC9000E4650C /* Build configuration list for PBXNativeTarget "Mid_keke" */ = {
			isa = XCConfigurationList;
			buildConfigurations = (
				A08CA87E205AEC9000E4650C /* Debug */,
				A08CA87F205AEC9000E4650C /* Release */,
			);
			defaultConfigurationIsVisible = 0;
			defaultConfigurationName = Release;
		};
/* End XCConfigurationList section */
	};
	rootObject = A08CA863205AEC9000E4650C /* Project object */;
}
